
Microsoft Visual Studio Solution File, Format Version 12.00
# Visual Studio Version 17
VisualStudioVersion = 17.0.31903.59
MinimumVisualStudioVersion = 10.0.40219.1
Project("{2150E333-8FDC-42A3-9474-1A3956D46DE8}") = "SharedKaernel", "SharedKaernel", "{A4080C98-C66A-4C37-B0B4-183EF6C6E1AD}"
EndProject
Project("{2150E333-8FDC-42A3-9474-1A3956D46DE8}") = "Contexts", "Contexts", "{2CBD92B0-EE17-47D4-AC7C-ECB4A3DDE901}"
EndProject
Project("{2150E333-8FDC-42A3-9474-1A3956D46DE8}") = "Authentication", "Authentication", "{FE05FAA5-B27C-471A-9106-C140511C54AC}"
EndProject
Project("{2150E333-8FDC-42A3-9474-1A3956D46DE8}") = "Finance", "Finance", "{808B438D-FEC4-4B77-AD33-70B6B43EC27D}"
EndProject
Project("{2150E333-8FDC-42A3-9474-1A3956D46DE8}") = "Performance", "Performance", "{8AFD1598-BE7A-4B60-850B-89B194BB9497}"
EndProject
Project("{2150E333-8FDC-42A3-9474-1A3956D46DE8}") = "Budget", "Budget", "{B6FA2B8A-38C3-4A3F-96F0-EDEC6326822C}"
EndProject
Project("{9A19103F-16F7-4668-BE54-9A1E7A4F7556}") = "Finance.Api", "src\Finance.Api\Finance.Api.csproj", "{8A9F55A0-7E48-4ED2-BC47-04ABF85A5BC7}"
EndProject
Project("{2150E333-8FDC-42A3-9474-1A3956D46DE8}") = "Gateway", "Gateway", "{A6CB34D2-2EFA-4A51-9FA9-3250AB065C27}"
EndProject
Project("{9A19103F-16F7-4668-BE54-9A1E7A4F7556}") = "Finance.Application", "src\Finance.Application\Finance.Application.csproj", "{D289BCFA-C291-4AEA-873A-8A7DB07A4708}"
EndProject
Project("{9A19103F-16F7-4668-BE54-9A1E7A4F7556}") = "Finance.Domain", "src\Finance.Domain\Finance.Domain.csproj", "{6CD62375-7DD9-4C01-8578-11B1709103DC}"
EndProject
Project("{9A19103F-16F7-4668-BE54-9A1E7A4F7556}") = "Finance.Infra", "src\Finance.Infra\Finance.Infra.csproj", "{6949D441-7837-4FAC-A4EA-0CFE711B9616}"
EndProject
Project("{9A19103F-16F7-4668-BE54-9A1E7A4F7556}") = "Core", "src\Core\Core.csproj", "{42C63AF7-55C3-43D4-9763-3578B135E70E}"
EndProject
Project("{9A19103F-16F7-4668-BE54-9A1E7A4F7556}") = "Notification", "src\Notification\Notification.csproj", "{10E166DC-9FFD-4F89-BA6D-927AA4F6ED8A}"
EndProject
Project("{9A19103F-16F7-4668-BE54-9A1E7A4F7556}") = "Api.Core", "src\Api.Core\Api.Core.csproj", "{5FAF0A05-6D8F-4EF4-98CF-3ED45FD3546C}"
EndProject
Project("{2150E333-8FDC-42A3-9474-1A3956D46DE8}") = "src", "src", "{9C06949A-5460-4D86-9C73-9B19190A569B}"
EndProject
Project("{2150E333-8FDC-42A3-9474-1A3956D46DE8}") = "tests", "tests", "{AECBF598-6786-41F2-A984-C02E51436F80}"
EndProject
Project("{2150E333-8FDC-42A3-9474-1A3956D46DE8}") = "Finance", "Finance", "{280716D7-93A9-4CF3-8B3A-13D53C1187EF}"
EndProject
Project("{FAE04EC0-301F-11D3-BF4B-00C04F79EFBC}") = "Finance.Domain.Tests", "tests\Finance.Domain.Tests\Finance.Domain.Tests.csproj", "{9C327A3B-FDB1-42D3-9C7C-28EE2FFE9E84}"
EndProject
Project("{FAE04EC0-301F-11D3-BF4B-00C04F79EFBC}") = "Finance.Contracts", "src\Finance.Contracts\Finance.Contracts.csproj", "{705872B5-F7F6-4F8B-AA40-13F552DC6021}"
EndProject
Global
	GlobalSection(SolutionConfigurationPlatforms) = preSolution
		Debug|Any CPU = Debug|Any CPU
		Release|Any CPU = Release|Any CPU
	EndGlobalSection
	GlobalSection(ProjectConfigurationPlatforms) = postSolution
		{8A9F55A0-7E48-4ED2-BC47-04ABF85A5BC7}.Debug|Any CPU.ActiveCfg = Debug|Any CPU
		{8A9F55A0-7E48-4ED2-BC47-04ABF85A5BC7}.Debug|Any CPU.Build.0 = Debug|Any CPU
		{8A9F55A0-7E48-4ED2-BC47-04ABF85A5BC7}.Release|Any CPU.ActiveCfg = Release|Any CPU
		{8A9F55A0-7E48-4ED2-BC47-04ABF85A5BC7}.Release|Any CPU.Build.0 = Release|Any CPU
		{D289BCFA-C291-4AEA-873A-8A7DB07A4708}.Debug|Any CPU.ActiveCfg = Debug|Any CPU
		{D289BCFA-C291-4AEA-873A-8A7DB07A4708}.Debug|Any CPU.Build.0 = Debug|Any CPU
		{D289BCFA-C291-4AEA-873A-8A7DB07A4708}.Release|Any CPU.ActiveCfg = Release|Any CPU
		{D289BCFA-C291-4AEA-873A-8A7DB07A4708}.Release|Any CPU.Build.0 = Release|Any CPU
		{6CD62375-7DD9-4C01-8578-11B1709103DC}.Debug|Any CPU.ActiveCfg = Debug|Any CPU
		{6CD62375-7DD9-4C01-8578-11B1709103DC}.Debug|Any CPU.Build.0 = Debug|Any CPU
		{6CD62375-7DD9-4C01-8578-11B1709103DC}.Release|Any CPU.ActiveCfg = Release|Any CPU
		{6CD62375-7DD9-4C01-8578-11B1709103DC}.Release|Any CPU.Build.0 = Release|Any CPU
		{6949D441-7837-4FAC-A4EA-0CFE711B9616}.Debug|Any CPU.ActiveCfg = Debug|Any CPU
		{6949D441-7837-4FAC-A4EA-0CFE711B9616}.Debug|Any CPU.Build.0 = Debug|Any CPU
		{6949D441-7837-4FAC-A4EA-0CFE711B9616}.Release|Any CPU.ActiveCfg = Release|Any CPU
		{6949D441-7837-4FAC-A4EA-0CFE711B9616}.Release|Any CPU.Build.0 = Release|Any CPU
		{42C63AF7-55C3-43D4-9763-3578B135E70E}.Debug|Any CPU.ActiveCfg = Debug|Any CPU
		{42C63AF7-55C3-43D4-9763-3578B135E70E}.Debug|Any CPU.Build.0 = Debug|Any CPU
		{42C63AF7-55C3-43D4-9763-3578B135E70E}.Release|Any CPU.ActiveCfg = Release|Any CPU
		{42C63AF7-55C3-43D4-9763-3578B135E70E}.Release|Any CPU.Build.0 = Release|Any CPU
		{10E166DC-9FFD-4F89-BA6D-927AA4F6ED8A}.Debug|Any CPU.ActiveCfg = Debug|Any CPU
		{10E166DC-9FFD-4F89-BA6D-927AA4F6ED8A}.Debug|Any CPU.Build.0 = Debug|Any CPU
		{10E166DC-9FFD-4F89-BA6D-927AA4F6ED8A}.Release|Any CPU.ActiveCfg = Release|Any CPU
		{10E166DC-9FFD-4F89-BA6D-927AA4F6ED8A}.Release|Any CPU.Build.0 = Release|Any CPU
		{5FAF0A05-6D8F-4EF4-98CF-3ED45FD3546C}.Debug|Any CPU.ActiveCfg = Debug|Any CPU
		{5FAF0A05-6D8F-4EF4-98CF-3ED45FD3546C}.Debug|Any CPU.Build.0 = Debug|Any CPU
		{5FAF0A05-6D8F-4EF4-98CF-3ED45FD3546C}.Release|Any CPU.ActiveCfg = Release|Any CPU
		{5FAF0A05-6D8F-4EF4-98CF-3ED45FD3546C}.Release|Any CPU.Build.0 = Release|Any CPU
		{9C327A3B-FDB1-42D3-9C7C-28EE2FFE9E84}.Debug|Any CPU.ActiveCfg = Debug|Any CPU
		{9C327A3B-FDB1-42D3-9C7C-28EE2FFE9E84}.Debug|Any CPU.Build.0 = Debug|Any CPU
		{9C327A3B-FDB1-42D3-9C7C-28EE2FFE9E84}.Release|Any CPU.ActiveCfg = Release|Any CPU
		{9C327A3B-FDB1-42D3-9C7C-28EE2FFE9E84}.Release|Any CPU.Build.0 = Release|Any CPU
		{705872B5-F7F6-4F8B-AA40-13F552DC6021}.Debug|Any CPU.ActiveCfg = Debug|Any CPU
		{705872B5-F7F6-4F8B-AA40-13F552DC6021}.Debug|Any CPU.Build.0 = Debug|Any CPU
		{705872B5-F7F6-4F8B-AA40-13F552DC6021}.Release|Any CPU.ActiveCfg = Release|Any CPU
		{705872B5-F7F6-4F8B-AA40-13F552DC6021}.Release|Any CPU.Build.0 = Release|Any CPU
	EndGlobalSection
	GlobalSection(SolutionProperties) = preSolution
		HideSolutionNode = FALSE
	EndGlobalSection
	GlobalSection(NestedProjects) = preSolution
		{A4080C98-C66A-4C37-B0B4-183EF6C6E1AD} = {9C06949A-5460-4D86-9C73-9B19190A569B}
		{2CBD92B0-EE17-47D4-AC7C-ECB4A3DDE901} = {9C06949A-5460-4D86-9C73-9B19190A569B}
		{FE05FAA5-B27C-471A-9106-C140511C54AC} = {2CBD92B0-EE17-47D4-AC7C-ECB4A3DDE901}
		{808B438D-FEC4-4B77-AD33-70B6B43EC27D} = {2CBD92B0-EE17-47D4-AC7C-ECB4A3DDE901}
		{8AFD1598-BE7A-4B60-850B-89B194BB9497} = {2CBD92B0-EE17-47D4-AC7C-ECB4A3DDE901}
		{B6FA2B8A-38C3-4A3F-96F0-EDEC6326822C} = {2CBD92B0-EE17-47D4-AC7C-ECB4A3DDE901}
		{8A9F55A0-7E48-4ED2-BC47-04ABF85A5BC7} = {808B438D-FEC4-4B77-AD33-70B6B43EC27D}
		{A6CB34D2-2EFA-4A51-9FA9-3250AB065C27} = {9C06949A-5460-4D86-9C73-9B19190A569B}
		{D289BCFA-C291-4AEA-873A-8A7DB07A4708} = {808B438D-FEC4-4B77-AD33-70B6B43EC27D}
		{6CD62375-7DD9-4C01-8578-11B1709103DC} = {808B438D-FEC4-4B77-AD33-70B6B43EC27D}
		{6949D441-7837-4FAC-A4EA-0CFE711B9616} = {808B438D-FEC4-4B77-AD33-70B6B43EC27D}
		{42C63AF7-55C3-43D4-9763-3578B135E70E} = {A4080C98-C66A-4C37-B0B4-183EF6C6E1AD}
		{10E166DC-9FFD-4F89-BA6D-927AA4F6ED8A} = {A4080C98-C66A-4C37-B0B4-183EF6C6E1AD}
		{5FAF0A05-6D8F-4EF4-98CF-3ED45FD3546C} = {A4080C98-C66A-4C37-B0B4-183EF6C6E1AD}
		{280716D7-93A9-4CF3-8B3A-13D53C1187EF} = {AECBF598-6786-41F2-A984-C02E51436F80}
		{9C327A3B-FDB1-42D3-9C7C-28EE2FFE9E84} = {280716D7-93A9-4CF3-8B3A-13D53C1187EF}
		{705872B5-F7F6-4F8B-AA40-13F552DC6021} = {808B438D-FEC4-4B77-AD33-70B6B43EC27D}
	EndGlobalSection
	GlobalSection(ExtensibilityGlobals) = postSolution
		SolutionGuid = {7857C6B4-87DE-47AA-A34C-D84186D121D4}
	EndGlobalSection
EndGlobal
