
Microsoft Visual Studio Solution File, Format Version 12.00
# Visual Studio Version 17
VisualStudioVersion = 17.12.35707.178 d17.12
MinimumVisualStudioVersion = 10.0.40219.1
Project("{2150E333-8FDC-42A3-9474-1A3956D46DE8}") = "Services", "Services", "{2569524F-EAD8-4062-B97C-06BE40F9672F}"
EndProject
Project("{2150E333-8FDC-42A3-9474-1A3956D46DE8}") = "Identity", "Identity", "{423BA74D-7EF0-4857-9DB4-3DEB055399C3}"
EndProject
Project("{FAE04EC0-301F-11D3-BF4B-00C04F79EFBC}") = "Identity.Api", "src\Identity.Api\Identity.Api.csproj", "{641FF616-6295-4E79-A9E6-45328DEE5059}"
EndProject
Project("{2150E333-8FDC-42A3-9474-1A3956D46DE8}") = "BuildingBlocks", "BuildingBlocks", "{18ED934A-E206-4661-BEB9-62C99D95DC69}"
EndProject
Project("{FAE04EC0-301F-11D3-BF4B-00C04F79EFBC}") = "Common.Api", "src\Common.Api\Common.Api.csproj", "{F4BD6BF6-A9D9-4CCF-87D7-2078464B0C4B}"
EndProject
Project("{FAE04EC0-301F-11D3-BF4B-00C04F79EFBC}") = "BaseAuthentication", "src\BaseAuthentication\BaseAuthentication.csproj", "{CE79D706-8F87-4B7D-9BF5-39052E45A7DC}"
EndProject
Project("{2150E333-8FDC-42A3-9474-1A3956D46DE8}") = "Finance", "Finance", "{4A970336-92D6-4E45-B279-09D037C87F53}"
EndProject
Project("{2150E333-8FDC-42A3-9474-1A3956D46DE8}") = "1 - Api", "1 - Api", "{51BAA5A7-211D-424D-9810-CB2D3EFC7532}"
EndProject
Project("{FAE04EC0-301F-11D3-BF4B-00C04F79EFBC}") = "Finance.Api", "src\Finance.Api\Finance.Api.csproj", "{0FB0C549-BEBD-42F5-8675-E0249B801C80}"
EndProject
Project("{2150E333-8FDC-42A3-9474-1A3956D46DE8}") = "2 - Application", "2 - Application", "{2A102377-9C58-48B1-898A-FBD0BB21A181}"
EndProject
Project("{2150E333-8FDC-42A3-9474-1A3956D46DE8}") = "3 - Domain", "3 - Domain", "{183280DC-558B-481C-BBFB-F3FFB1523DEF}"
EndProject
Project("{2150E333-8FDC-42A3-9474-1A3956D46DE8}") = "4 - Infra", "4 - Infra", "{CE2297E7-E817-4B69-A456-99F7E6A35AA7}"
EndProject
Project("{FAE04EC0-301F-11D3-BF4B-00C04F79EFBC}") = "Finance.Application", "src\Finance.Application\Finance.Application.csproj", "{61747486-51E8-44C9-AB0D-D3796FB31DFF}"
EndProject
Project("{2150E333-8FDC-42A3-9474-1A3956D46DE8}") = "Solution items", "Solution items", "{D4B60E0E-F1B5-4BBA-9AF5-8F315AC35326}"
	ProjectSection(SolutionItems) = preProject
		Directory.Packages.props = Directory.Packages.props
	EndProjectSection
EndProject
Project("{FAE04EC0-301F-11D3-BF4B-00C04F79EFBC}") = "Finance.Domain", "src\Finance.Domain\Finance.Domain.csproj", "{3C0C2A1C-7FEF-4457-B5BF-908BB015A71B}"
EndProject
Project("{FAE04EC0-301F-11D3-BF4B-00C04F79EFBC}") = "Finance.Infra", "src\Finance.Infra\Finance.Infra.csproj", "{CDF0CA47-AD80-4912-8B25-D1893BC2078C}"
EndProject
Project("{FAE04EC0-301F-11D3-BF4B-00C04F79EFBC}") = "Common.Infra.Database", "src\Common.Infra.Database\Common.Infra.Database.csproj", "{8F04F80E-6004-4F1B-8721-05591D6BCFAB}"
EndProject
Project("{2150E333-8FDC-42A3-9474-1A3956D46DE8}") = "Common", "Common", "{70228260-2830-4B07-9324-19CB84E54C2D}"
EndProject
Project("{FAE04EC0-301F-11D3-BF4B-00C04F79EFBC}") = "Common.Domain", "src\Common.Domain\Common.Domain.csproj", "{D04715C1-D445-4F29-A425-6DF791DC6A4F}"
EndProject
Project("{FAE04EC0-301F-11D3-BF4B-00C04F79EFBC}") = "Common.Application", "src\Common.Application\Common.Application.csproj", "{A1D0CB30-E7BD-4814-890A-E8F83A0B653D}"
EndProject
Project("{FAE04EC0-301F-11D3-BF4B-00C04F79EFBC}") = "Result", "src\Result\Result.csproj", "{C92AF382-3C78-4C49-B937-462F3B9ECE2B}"
EndProject
Global
	GlobalSection(SolutionConfigurationPlatforms) = preSolution
		Debug|Any CPU = Debug|Any CPU
		Release|Any CPU = Release|Any CPU
	EndGlobalSection
	GlobalSection(ProjectConfigurationPlatforms) = postSolution
		{641FF616-6295-4E79-A9E6-45328DEE5059}.Debug|Any CPU.ActiveCfg = Debug|Any CPU
		{641FF616-6295-4E79-A9E6-45328DEE5059}.Debug|Any CPU.Build.0 = Debug|Any CPU
		{641FF616-6295-4E79-A9E6-45328DEE5059}.Release|Any CPU.ActiveCfg = Release|Any CPU
		{641FF616-6295-4E79-A9E6-45328DEE5059}.Release|Any CPU.Build.0 = Release|Any CPU
		{F4BD6BF6-A9D9-4CCF-87D7-2078464B0C4B}.Debug|Any CPU.ActiveCfg = Debug|Any CPU
		{F4BD6BF6-A9D9-4CCF-87D7-2078464B0C4B}.Debug|Any CPU.Build.0 = Debug|Any CPU
		{F4BD6BF6-A9D9-4CCF-87D7-2078464B0C4B}.Release|Any CPU.ActiveCfg = Release|Any CPU
		{F4BD6BF6-A9D9-4CCF-87D7-2078464B0C4B}.Release|Any CPU.Build.0 = Release|Any CPU
		{CE79D706-8F87-4B7D-9BF5-39052E45A7DC}.Debug|Any CPU.ActiveCfg = Debug|Any CPU
		{CE79D706-8F87-4B7D-9BF5-39052E45A7DC}.Debug|Any CPU.Build.0 = Debug|Any CPU
		{CE79D706-8F87-4B7D-9BF5-39052E45A7DC}.Release|Any CPU.ActiveCfg = Release|Any CPU
		{CE79D706-8F87-4B7D-9BF5-39052E45A7DC}.Release|Any CPU.Build.0 = Release|Any CPU
		{0FB0C549-BEBD-42F5-8675-E0249B801C80}.Debug|Any CPU.ActiveCfg = Debug|Any CPU
		{0FB0C549-BEBD-42F5-8675-E0249B801C80}.Debug|Any CPU.Build.0 = Debug|Any CPU
		{0FB0C549-BEBD-42F5-8675-E0249B801C80}.Release|Any CPU.ActiveCfg = Release|Any CPU
		{0FB0C549-BEBD-42F5-8675-E0249B801C80}.Release|Any CPU.Build.0 = Release|Any CPU
		{61747486-51E8-44C9-AB0D-D3796FB31DFF}.Debug|Any CPU.ActiveCfg = Debug|Any CPU
		{61747486-51E8-44C9-AB0D-D3796FB31DFF}.Debug|Any CPU.Build.0 = Debug|Any CPU
		{61747486-51E8-44C9-AB0D-D3796FB31DFF}.Release|Any CPU.ActiveCfg = Release|Any CPU
		{61747486-51E8-44C9-AB0D-D3796FB31DFF}.Release|Any CPU.Build.0 = Release|Any CPU
		{3C0C2A1C-7FEF-4457-B5BF-908BB015A71B}.Debug|Any CPU.ActiveCfg = Debug|Any CPU
		{3C0C2A1C-7FEF-4457-B5BF-908BB015A71B}.Debug|Any CPU.Build.0 = Debug|Any CPU
		{3C0C2A1C-7FEF-4457-B5BF-908BB015A71B}.Release|Any CPU.ActiveCfg = Release|Any CPU
		{3C0C2A1C-7FEF-4457-B5BF-908BB015A71B}.Release|Any CPU.Build.0 = Release|Any CPU
		{CDF0CA47-AD80-4912-8B25-D1893BC2078C}.Debug|Any CPU.ActiveCfg = Debug|Any CPU
		{CDF0CA47-AD80-4912-8B25-D1893BC2078C}.Debug|Any CPU.Build.0 = Debug|Any CPU
		{CDF0CA47-AD80-4912-8B25-D1893BC2078C}.Release|Any CPU.ActiveCfg = Release|Any CPU
		{CDF0CA47-AD80-4912-8B25-D1893BC2078C}.Release|Any CPU.Build.0 = Release|Any CPU
		{8F04F80E-6004-4F1B-8721-05591D6BCFAB}.Debug|Any CPU.ActiveCfg = Debug|Any CPU
		{8F04F80E-6004-4F1B-8721-05591D6BCFAB}.Debug|Any CPU.Build.0 = Debug|Any CPU
		{8F04F80E-6004-4F1B-8721-05591D6BCFAB}.Release|Any CPU.ActiveCfg = Release|Any CPU
		{8F04F80E-6004-4F1B-8721-05591D6BCFAB}.Release|Any CPU.Build.0 = Release|Any CPU
		{D04715C1-D445-4F29-A425-6DF791DC6A4F}.Debug|Any CPU.ActiveCfg = Debug|Any CPU
		{D04715C1-D445-4F29-A425-6DF791DC6A4F}.Debug|Any CPU.Build.0 = Debug|Any CPU
		{D04715C1-D445-4F29-A425-6DF791DC6A4F}.Release|Any CPU.ActiveCfg = Release|Any CPU
		{D04715C1-D445-4F29-A425-6DF791DC6A4F}.Release|Any CPU.Build.0 = Release|Any CPU
		{A1D0CB30-E7BD-4814-890A-E8F83A0B653D}.Debug|Any CPU.ActiveCfg = Debug|Any CPU
		{A1D0CB30-E7BD-4814-890A-E8F83A0B653D}.Debug|Any CPU.Build.0 = Debug|Any CPU
		{A1D0CB30-E7BD-4814-890A-E8F83A0B653D}.Release|Any CPU.ActiveCfg = Release|Any CPU
		{A1D0CB30-E7BD-4814-890A-E8F83A0B653D}.Release|Any CPU.Build.0 = Release|Any CPU
		{C92AF382-3C78-4C49-B937-462F3B9ECE2B}.Debug|Any CPU.ActiveCfg = Debug|Any CPU
		{C92AF382-3C78-4C49-B937-462F3B9ECE2B}.Debug|Any CPU.Build.0 = Debug|Any CPU
		{C92AF382-3C78-4C49-B937-462F3B9ECE2B}.Release|Any CPU.ActiveCfg = Release|Any CPU
		{C92AF382-3C78-4C49-B937-462F3B9ECE2B}.Release|Any CPU.Build.0 = Release|Any CPU
	EndGlobalSection
	GlobalSection(SolutionProperties) = preSolution
		HideSolutionNode = FALSE
	EndGlobalSection
	GlobalSection(NestedProjects) = preSolution
		{423BA74D-7EF0-4857-9DB4-3DEB055399C3} = {2569524F-EAD8-4062-B97C-06BE40F9672F}
		{641FF616-6295-4E79-A9E6-45328DEE5059} = {423BA74D-7EF0-4857-9DB4-3DEB055399C3}
		{CE79D706-8F87-4B7D-9BF5-39052E45A7DC} = {18ED934A-E206-4661-BEB9-62C99D95DC69}
		{4A970336-92D6-4E45-B279-09D037C87F53} = {2569524F-EAD8-4062-B97C-06BE40F9672F}
		{51BAA5A7-211D-424D-9810-CB2D3EFC7532} = {4A970336-92D6-4E45-B279-09D037C87F53}
		{0FB0C549-BEBD-42F5-8675-E0249B801C80} = {51BAA5A7-211D-424D-9810-CB2D3EFC7532}
		{2A102377-9C58-48B1-898A-FBD0BB21A181} = {4A970336-92D6-4E45-B279-09D037C87F53}
		{183280DC-558B-481C-BBFB-F3FFB1523DEF} = {4A970336-92D6-4E45-B279-09D037C87F53}
		{CE2297E7-E817-4B69-A456-99F7E6A35AA7} = {4A970336-92D6-4E45-B279-09D037C87F53}
		{61747486-51E8-44C9-AB0D-D3796FB31DFF} = {2A102377-9C58-48B1-898A-FBD0BB21A181}
		{3C0C2A1C-7FEF-4457-B5BF-908BB015A71B} = {183280DC-558B-481C-BBFB-F3FFB1523DEF}
		{CDF0CA47-AD80-4912-8B25-D1893BC2078C} = {CE2297E7-E817-4B69-A456-99F7E6A35AA7}
		{70228260-2830-4B07-9324-19CB84E54C2D} = {18ED934A-E206-4661-BEB9-62C99D95DC69}
		{F4BD6BF6-A9D9-4CCF-87D7-2078464B0C4B} = {70228260-2830-4B07-9324-19CB84E54C2D}
		{8F04F80E-6004-4F1B-8721-05591D6BCFAB} = {70228260-2830-4B07-9324-19CB84E54C2D}
		{D04715C1-D445-4F29-A425-6DF791DC6A4F} = {70228260-2830-4B07-9324-19CB84E54C2D}
		{A1D0CB30-E7BD-4814-890A-E8F83A0B653D} = {70228260-2830-4B07-9324-19CB84E54C2D}
		{C92AF382-3C78-4C49-B937-462F3B9ECE2B} = {18ED934A-E206-4661-BEB9-62C99D95DC69}
	EndGlobalSection
EndGlobal
